// !$*UTF8*$!
{
	archiveVersion = 1;
	classes = {
	};
	objectVersion = 46;
	objects = {

/* Begin PBXBuildFile section */
		6704B82614A57569002C0A30 /* Foundation.framework in Frameworks */ = {isa = PBXBuildFile; fileRef = 6704B82514A57569002C0A30 /* Foundation.framework */; };
		6704B82C14A57569002C0A30 /* DFGWater.m in Sources */ = {isa = PBXBuildFile; fileRef = 6704B82B14A57569002C0A30 /* DFGWater.m */; };
		6704B83414A57569002C0A30 /* SenTestingKit.framework in Frameworks */ = {isa = PBXBuildFile; fileRef = 6704B83314A57569002C0A30 /* SenTestingKit.framework */; };
		6704B83614A57569002C0A30 /* UIKit.framework in Frameworks */ = {isa = PBXBuildFile; fileRef = 6704B83514A57569002C0A30 /* UIKit.framework */; };
		6704B83714A57569002C0A30 /* Foundation.framework in Frameworks */ = {isa = PBXBuildFile; fileRef = 6704B82514A57569002C0A30 /* Foundation.framework */; };
		6704B83A14A57569002C0A30 /* libDFGWater.a in Frameworks */ = {isa = PBXBuildFile; fileRef = 6704B82214A57569002C0A30 /* libDFGWater.a */; };
		6704B84014A57569002C0A30 /* InfoPlist.strings in Resources */ = {isa = PBXBuildFile; fileRef = 6704B83E14A57569002C0A30 /* InfoPlist.strings */; };
		6704B84E14A57A70002C0A30 /* DFGWaterGaugeDataRetrieverProtocol.h in Headers */ = {isa = PBXBuildFile; fileRef = 6704B84D14A57A70002C0A30 /* DFGWaterGaugeDataRetrieverProtocol.h */; settings = {ATTRIBUTES = (Public, ); }; };
		6704B85114A57B19002C0A30 /* DFGWaterGaugeDataRequestParameters.h in Headers */ = {isa = PBXBuildFile; fileRef = 6704B84F14A57B19002C0A30 /* DFGWaterGaugeDataRequestParameters.h */; settings = {ATTRIBUTES = (Public, ); }; };
		6704B85214A57B19002C0A30 /* DFGWaterGaugeDataRequestParameters.m in Sources */ = {isa = PBXBuildFile; fileRef = 6704B85014A57B19002C0A30 /* DFGWaterGaugeDataRequestParameters.m */; };
		670D0AF814A6C72700F05E97 /* DFGWaterUSGSGaugeDataRetriever.h in Headers */ = {isa = PBXBuildFile; fileRef = 670D0AF614A6C72700F05E97 /* DFGWaterUSGSGaugeDataRetriever.h */; settings = {ATTRIBUTES = (Public, ); }; };
		670D0AF914A6C72700F05E97 /* DFGWaterUSGSGaugeDataRetriever.m in Sources */ = {isa = PBXBuildFile; fileRef = 670D0AF714A6C72700F05E97 /* DFGWaterUSGSGaugeDataRetriever.m */; };
		670D0AFC14A6C7CF00F05E97 /* DFGError.h in Headers */ = {isa = PBXBuildFile; fileRef = 670D0AFB14A6C7CF00F05E97 /* DFGError.h */; };
		6760DAC814ABFBF900EB7881 /* DFGWaterReadingGroup.h in Headers */ = {isa = PBXBuildFile; fileRef = 6760DAC614ABFBF900EB7881 /* DFGWaterReadingGroup.h */; settings = {ATTRIBUTES = (Public, ); }; };
		6760DAC914ABFBF900EB7881 /* DFGWaterReadingGroup.m in Sources */ = {isa = PBXBuildFile; fileRef = 6760DAC714ABFBF900EB7881 /* DFGWaterReadingGroup.m */; };
		67843F2D14B3FE2200FC79E8 /* DFGWater.h in Headers */ = {isa = PBXBuildFile; fileRef = 6704B82A14A57569002C0A30 /* DFGWater.h */; settings = {ATTRIBUTES = (Public, ); }; };
		67B82B8314A658B60054487A /* DFGWaterGaugeDataRetrieverDelegateProtocol.h in Headers */ = {isa = PBXBuildFile; fileRef = 67B82B8214A658B60054487A /* DFGWaterGaugeDataRetrieverDelegateProtocol.h */; };
		67B82B8714A659590054487A /* DFGWaterReading.h in Headers */ = {isa = PBXBuildFile; fileRef = 67B82B8514A659590054487A /* DFGWaterReading.h */; settings = {ATTRIBUTES = (Public, ); }; };
		67B82B8814A659590054487A /* DFGWaterReading.m in Sources */ = {isa = PBXBuildFile; fileRef = 67B82B8614A659590054487A /* DFGWaterReading.m */; };
		67EAC80E14A955580040101E /* DFGWaterGauge.h in Headers */ = {isa = PBXBuildFile; fileRef = 67EAC80C14A955580040101E /* DFGWaterGauge.h */; settings = {ATTRIBUTES = (Public, ); }; };
		67EAC80F14A955580040101E /* DFGWaterGauge.m in Sources */ = {isa = PBXBuildFile; fileRef = 67EAC80D14A955580040101E /* DFGWaterGauge.m */; };
		67EAC81214A95CC40040101E /* DFGWaterServiceRequestBuilderProtocol.h in Headers */ = {isa = PBXBuildFile; fileRef = 67EAC81114A95CC40040101E /* DFGWaterServiceRequestBuilderProtocol.h */; settings = {ATTRIBUTES = (Public, ); }; };
		67EAC81514A95D440040101E /* DFGWaterUSGSIVJSONRequestBuilder.h in Headers */ = {isa = PBXBuildFile; fileRef = 67EAC81314A95D440040101E /* DFGWaterUSGSIVJSONRequestBuilder.h */; settings = {ATTRIBUTES = (Public, ); }; };
		67EAC81614A95D440040101E /* DFGWaterUSGSIVJSONRequestBuilder.m in Sources */ = {isa = PBXBuildFile; fileRef = 67EAC81414A95D440040101E /* DFGWaterUSGSIVJSONRequestBuilder.m */; };
		67EAC81814A95EE40040101E /* DFGWaterServiceResponseParserProtocol.h in Headers */ = {isa = PBXBuildFile; fileRef = 67EAC81714A95EE40040101E /* DFGWaterServiceResponseParserProtocol.h */; settings = {ATTRIBUTES = (Public, ); }; };
		67EAC81B14A961E00040101E /* DFGWaterUSGSIVJSONResponseParser.h in Headers */ = {isa = PBXBuildFile; fileRef = 67EAC81914A961E00040101E /* DFGWaterUSGSIVJSONResponseParser.h */; settings = {ATTRIBUTES = (Public, ); }; };
		67EAC81C14A961E00040101E /* DFGWaterUSGSIVJSONResponseParser.m in Sources */ = {isa = PBXBuildFile; fileRef = 67EAC81A14A961E00040101E /* DFGWaterUSGSIVJSONResponseParser.m */; };
		67EAC81F14A962D70040101E /* DFGWaterUSGSIVIntegrationTests.m in Sources */ = {isa = PBXBuildFile; fileRef = 67EAC81E14A962D70040101E /* DFGWaterUSGSIVIntegrationTests.m */; };
		67EAC82114A964C00040101E /* CoreLocation.framework in Frameworks */ = {isa = PBXBuildFile; fileRef = 67EAC82014A964C00040101E /* CoreLocation.framework */; };
/* End PBXBuildFile section */

/* Begin PBXContainerItemProxy section */
		6704B83814A57569002C0A30 /* PBXContainerItemProxy */ = {
			isa = PBXContainerItemProxy;
			containerPortal = 6704B81914A57569002C0A30 /* Project object */;
			proxyType = 1;
			remoteGlobalIDString = 6704B82114A57569002C0A30;
			remoteInfo = DFGWater;
		};
/* End PBXContainerItemProxy section */

/* Begin PBXFileReference section */
		6704B82214A57569002C0A30 /* libDFGWater.a */ = {isa = PBXFileReference; explicitFileType = archive.ar; includeInIndex = 0; path = libDFGWater.a; sourceTree = BUILT_PRODUCTS_DIR; };
		6704B82514A57569002C0A30 /* Foundation.framework */ = {isa = PBXFileReference; lastKnownFileType = wrapper.framework; name = Foundation.framework; path = System/Library/Frameworks/Foundation.framework; sourceTree = SDKROOT; };
		6704B82914A57569002C0A30 /* DFGWater-Prefix.pch */ = {isa = PBXFileReference; lastKnownFileType = sourcecode.c.h; path = "DFGWater-Prefix.pch"; sourceTree = "<group>"; };
		6704B82A14A57569002C0A30 /* DFGWater.h */ = {isa = PBXFileReference; lastKnownFileType = sourcecode.c.h; path = DFGWater.h; sourceTree = "<group>"; };
		6704B82B14A57569002C0A30 /* DFGWater.m */ = {isa = PBXFileReference; lastKnownFileType = sourcecode.c.objc; path = DFGWater.m; sourceTree = "<group>"; };
		6704B83214A57569002C0A30 /* DFGWaterTests.octest */ = {isa = PBXFileReference; explicitFileType = wrapper.cfbundle; includeInIndex = 0; path = DFGWaterTests.octest; sourceTree = BUILT_PRODUCTS_DIR; };
		6704B83314A57569002C0A30 /* SenTestingKit.framework */ = {isa = PBXFileReference; lastKnownFileType = wrapper.framework; name = SenTestingKit.framework; path = Library/Frameworks/SenTestingKit.framework; sourceTree = DEVELOPER_DIR; };
		6704B83514A57569002C0A30 /* UIKit.framework */ = {isa = PBXFileReference; lastKnownFileType = wrapper.framework; name = UIKit.framework; path = Library/Frameworks/UIKit.framework; sourceTree = DEVELOPER_DIR; };
		6704B83D14A57569002C0A30 /* DFGWaterTests-Info.plist */ = {isa = PBXFileReference; lastKnownFileType = text.plist.xml; path = "DFGWaterTests-Info.plist"; sourceTree = "<group>"; };
		6704B83F14A57569002C0A30 /* en */ = {isa = PBXFileReference; lastKnownFileType = text.plist.strings; name = en; path = en.lproj/InfoPlist.strings; sourceTree = "<group>"; };
		6704B84D14A57A70002C0A30 /* DFGWaterGaugeDataRetrieverProtocol.h */ = {isa = PBXFileReference; fileEncoding = 4; lastKnownFileType = sourcecode.c.h; path = DFGWaterGaugeDataRetrieverProtocol.h; sourceTree = "<group>"; };
		6704B84F14A57B19002C0A30 /* DFGWaterGaugeDataRequestParameters.h */ = {isa = PBXFileReference; fileEncoding = 4; lastKnownFileType = sourcecode.c.h; path = DFGWaterGaugeDataRequestParameters.h; sourceTree = "<group>"; };
		6704B85014A57B19002C0A30 /* DFGWaterGaugeDataRequestParameters.m */ = {isa = PBXFileReference; fileEncoding = 4; lastKnownFileType = sourcecode.c.objc; path = DFGWaterGaugeDataRequestParameters.m; sourceTree = "<group>"; };
		670D0AF614A6C72700F05E97 /* DFGWaterUSGSGaugeDataRetriever.h */ = {isa = PBXFileReference; fileEncoding = 4; lastKnownFileType = sourcecode.c.h; path = DFGWaterUSGSGaugeDataRetriever.h; sourceTree = "<group>"; };
		670D0AF714A6C72700F05E97 /* DFGWaterUSGSGaugeDataRetriever.m */ = {isa = PBXFileReference; fileEncoding = 4; lastKnownFileType = sourcecode.c.objc; path = DFGWaterUSGSGaugeDataRetriever.m; sourceTree = "<group>"; };
		670D0AFB14A6C7CF00F05E97 /* DFGError.h */ = {isa = PBXFileReference; fileEncoding = 4; lastKnownFileType = sourcecode.c.h; path = DFGError.h; sourceTree = "<group>"; };
		6760DAC614ABFBF900EB7881 /* DFGWaterReadingGroup.h */ = {isa = PBXFileReference; fileEncoding = 4; lastKnownFileType = sourcecode.c.h; path = DFGWaterReadingGroup.h; sourceTree = "<group>"; };
		6760DAC714ABFBF900EB7881 /* DFGWaterReadingGroup.m */ = {isa = PBXFileReference; fileEncoding = 4; lastKnownFileType = sourcecode.c.objc; path = DFGWaterReadingGroup.m; sourceTree = "<group>"; };
		67B82B8214A658B60054487A /* DFGWaterGaugeDataRetrieverDelegateProtocol.h */ = {isa = PBXFileReference; fileEncoding = 4; lastKnownFileType = sourcecode.c.h; path = DFGWaterGaugeDataRetrieverDelegateProtocol.h; sourceTree = "<group>"; };
		67B82B8514A659590054487A /* DFGWaterReading.h */ = {isa = PBXFileReference; fileEncoding = 4; lastKnownFileType = sourcecode.c.h; path = DFGWaterReading.h; sourceTree = "<group>"; };
		67B82B8614A659590054487A /* DFGWaterReading.m */ = {isa = PBXFileReference; fileEncoding = 4; lastKnownFileType = sourcecode.c.objc; path = DFGWaterReading.m; sourceTree = "<group>"; };
		67EAC80C14A955580040101E /* DFGWaterGauge.h */ = {isa = PBXFileReference; fileEncoding = 4; lastKnownFileType = sourcecode.c.h; path = DFGWaterGauge.h; sourceTree = "<group>"; };
		67EAC80D14A955580040101E /* DFGWaterGauge.m */ = {isa = PBXFileReference; fileEncoding = 4; lastKnownFileType = sourcecode.c.objc; path = DFGWaterGauge.m; sourceTree = "<group>"; };
		67EAC81114A95CC40040101E /* DFGWaterServiceRequestBuilderProtocol.h */ = {isa = PBXFileReference; fileEncoding = 4; lastKnownFileType = sourcecode.c.h; path = DFGWaterServiceRequestBuilderProtocol.h; sourceTree = "<group>"; };
		67EAC81314A95D440040101E /* DFGWaterUSGSIVJSONRequestBuilder.h */ = {isa = PBXFileReference; fileEncoding = 4; lastKnownFileType = sourcecode.c.h; path = DFGWaterUSGSIVJSONRequestBuilder.h; sourceTree = "<group>"; };
		67EAC81414A95D440040101E /* DFGWaterUSGSIVJSONRequestBuilder.m */ = {isa = PBXFileReference; fileEncoding = 4; lastKnownFileType = sourcecode.c.objc; path = DFGWaterUSGSIVJSONRequestBuilder.m; sourceTree = "<group>"; };
		67EAC81714A95EE40040101E /* DFGWaterServiceResponseParserProtocol.h */ = {isa = PBXFileReference; fileEncoding = 4; lastKnownFileType = sourcecode.c.h; path = DFGWaterServiceResponseParserProtocol.h; sourceTree = "<group>"; };
		67EAC81914A961E00040101E /* DFGWaterUSGSIVJSONResponseParser.h */ = {isa = PBXFileReference; fileEncoding = 4; lastKnownFileType = sourcecode.c.h; path = DFGWaterUSGSIVJSONResponseParser.h; sourceTree = "<group>"; };
		67EAC81A14A961E00040101E /* DFGWaterUSGSIVJSONResponseParser.m */ = {isa = PBXFileReference; fileEncoding = 4; lastKnownFileType = sourcecode.c.objc; path = DFGWaterUSGSIVJSONResponseParser.m; sourceTree = "<group>"; };
		67EAC81D14A962D70040101E /* DFGWaterUSGSIVIntegrationTests.h */ = {isa = PBXFileReference; fileEncoding = 4; lastKnownFileType = sourcecode.c.h; path = DFGWaterUSGSIVIntegrationTests.h; sourceTree = "<group>"; };
		67EAC81E14A962D70040101E /* DFGWaterUSGSIVIntegrationTests.m */ = {isa = PBXFileReference; fileEncoding = 4; lastKnownFileType = sourcecode.c.objc; path = DFGWaterUSGSIVIntegrationTests.m; sourceTree = "<group>"; };
		67EAC82014A964C00040101E /* CoreLocation.framework */ = {isa = PBXFileReference; lastKnownFileType = wrapper.framework; name = CoreLocation.framework; path = System/Library/Frameworks/CoreLocation.framework; sourceTree = SDKROOT; };
/* End PBXFileReference section */

/* Begin PBXFrameworksBuildPhase section */
		6704B81F14A57569002C0A30 /* Frameworks */ = {
			isa = PBXFrameworksBuildPhase;
			buildActionMask = 2147483647;
			files = (
				6704B82614A57569002C0A30 /* Foundation.framework in Frameworks */,
			);
			runOnlyForDeploymentPostprocessing = 0;
		};
		6704B82E14A57569002C0A30 /* Frameworks */ = {
			isa = PBXFrameworksBuildPhase;
			buildActionMask = 2147483647;
			files = (
				67EAC82114A964C00040101E /* CoreLocation.framework in Frameworks */,
				6704B83414A57569002C0A30 /* SenTestingKit.framework in Frameworks */,
				6704B83614A57569002C0A30 /* UIKit.framework in Frameworks */,
				6704B83714A57569002C0A30 /* Foundation.framework in Frameworks */,
				6704B83A14A57569002C0A30 /* libDFGWater.a in Frameworks */,
			);
			runOnlyForDeploymentPostprocessing = 0;
		};
/* End PBXFrameworksBuildPhase section */

/* Begin PBXGroup section */
		6704B81714A57569002C0A30 = {
			isa = PBXGroup;
			children = (
				6704B82714A57569002C0A30 /* DFGWater */,
				6704B83B14A57569002C0A30 /* DFGWaterTests */,
				6704B82414A57569002C0A30 /* Frameworks */,
				6704B82314A57569002C0A30 /* Products */,
			);
			sourceTree = "<group>";
		};
		6704B82314A57569002C0A30 /* Products */ = {
			isa = PBXGroup;
			children = (
				6704B82214A57569002C0A30 /* libDFGWater.a */,
				6704B83214A57569002C0A30 /* DFGWaterTests.octest */,
			);
			name = Products;
			sourceTree = "<group>";
		};
		6704B82414A57569002C0A30 /* Frameworks */ = {
			isa = PBXGroup;
			children = (
				67EAC82014A964C00040101E /* CoreLocation.framework */,
				6704B82514A57569002C0A30 /* Foundation.framework */,
				6704B83314A57569002C0A30 /* SenTestingKit.framework */,
				6704B83514A57569002C0A30 /* UIKit.framework */,
			);
			name = Frameworks;
			sourceTree = "<group>";
		};
		6704B82714A57569002C0A30 /* DFGWater */ = {
			isa = PBXGroup;
			children = (
				670D0AFB14A6C7CF00F05E97 /* DFGError.h */,
				6704B82A14A57569002C0A30 /* DFGWater.h */,
				6704B82B14A57569002C0A30 /* DFGWater.m */,
				6704B84D14A57A70002C0A30 /* DFGWaterGaugeDataRetrieverProtocol.h */,
				670D0AF614A6C72700F05E97 /* DFGWaterUSGSGaugeDataRetriever.h */,
				670D0AF714A6C72700F05E97 /* DFGWaterUSGSGaugeDataRetriever.m */,
				67B82B8214A658B60054487A /* DFGWaterGaugeDataRetrieverDelegateProtocol.h */,
				6704B84F14A57B19002C0A30 /* DFGWaterGaugeDataRequestParameters.h */,
				6704B85014A57B19002C0A30 /* DFGWaterGaugeDataRequestParameters.m */,
				67EAC81114A95CC40040101E /* DFGWaterServiceRequestBuilderProtocol.h */,
				67EAC81314A95D440040101E /* DFGWaterUSGSIVJSONRequestBuilder.h */,
				67EAC81414A95D440040101E /* DFGWaterUSGSIVJSONRequestBuilder.m */,
				67EAC81714A95EE40040101E /* DFGWaterServiceResponseParserProtocol.h */,
				67EAC81914A961E00040101E /* DFGWaterUSGSIVJSONResponseParser.h */,
				67EAC81A14A961E00040101E /* DFGWaterUSGSIVJSONResponseParser.m */,
				67B82B8514A659590054487A /* DFGWaterReading.h */,
				67B82B8614A659590054487A /* DFGWaterReading.m */,
				6760DAC614ABFBF900EB7881 /* DFGWaterReadingGroup.h */,
				6760DAC714ABFBF900EB7881 /* DFGWaterReadingGroup.m */,
				67EAC80C14A955580040101E /* DFGWaterGauge.h */,
				67EAC80D14A955580040101E /* DFGWaterGauge.m */,
				6704B82814A57569002C0A30 /* Supporting Files */,
			);
			path = DFGWater;
			sourceTree = "<group>";
		};
		6704B82814A57569002C0A30 /* Supporting Files */ = {
			isa = PBXGroup;
			children = (
				6704B82914A57569002C0A30 /* DFGWater-Prefix.pch */,
			);
			name = "Supporting Files";
			sourceTree = "<group>";
		};
		6704B83B14A57569002C0A30 /* DFGWaterTests */ = {
			isa = PBXGroup;
			children = (
				6704B83C14A57569002C0A30 /* Supporting Files */,
				67EAC81D14A962D70040101E /* DFGWaterUSGSIVIntegrationTests.h */,
				67EAC81E14A962D70040101E /* DFGWaterUSGSIVIntegrationTests.m */,
			);
			path = DFGWaterTests;
			sourceTree = "<group>";
		};
		6704B83C14A57569002C0A30 /* Supporting Files */ = {
			isa = PBXGroup;
			children = (
				6704B83D14A57569002C0A30 /* DFGWaterTests-Info.plist */,
				6704B83E14A57569002C0A30 /* InfoPlist.strings */,
			);
			name = "Supporting Files";
			sourceTree = "<group>";
		};
/* End PBXGroup section */

/* Begin PBXHeadersBuildPhase section */
		6704B82014A57569002C0A30 /* Headers */ = {
			isa = PBXHeadersBuildPhase;
			buildActionMask = 2147483647;
			files = (
				6704B84E14A57A70002C0A30 /* DFGWaterGaugeDataRetrieverProtocol.h in Headers */,
				6704B85114A57B19002C0A30 /* DFGWaterGaugeDataRequestParameters.h in Headers */,
				67B82B8314A658B60054487A /* DFGWaterGaugeDataRetrieverDelegateProtocol.h in Headers */,
				67B82B8714A659590054487A /* DFGWaterReading.h in Headers */,
				670D0AF814A6C72700F05E97 /* DFGWaterUSGSGaugeDataRetriever.h in Headers */,
				670D0AFC14A6C7CF00F05E97 /* DFGError.h in Headers */,
				67EAC80E14A955580040101E /* DFGWaterGauge.h in Headers */,
				67EAC81214A95CC40040101E /* DFGWaterServiceRequestBuilderProtocol.h in Headers */,
				67EAC81514A95D440040101E /* DFGWaterUSGSIVJSONRequestBuilder.h in Headers */,
				67EAC81814A95EE40040101E /* DFGWaterServiceResponseParserProtocol.h in Headers */,
				67EAC81B14A961E00040101E /* DFGWaterUSGSIVJSONResponseParser.h in Headers */,
				6760DAC814ABFBF900EB7881 /* DFGWaterReadingGroup.h in Headers */,
				67843F2D14B3FE2200FC79E8 /* DFGWater.h in Headers */,
			);
			runOnlyForDeploymentPostprocessing = 0;
		};
/* End PBXHeadersBuildPhase section */

/* Begin PBXNativeTarget section */
		6704B82114A57569002C0A30 /* DFGWater */ = {
			isa = PBXNativeTarget;
			buildConfigurationList = 6704B84614A57569002C0A30 /* Build configuration list for PBXNativeTarget "DFGWater" */;
			buildPhases = (
				6704B81E14A57569002C0A30 /* Sources */,
				6704B81F14A57569002C0A30 /* Frameworks */,
				6704B82014A57569002C0A30 /* Headers */,
			);
			buildRules = (
			);
			dependencies = (
			);
			name = DFGWater;
			productName = DFGWater;
			productReference = 6704B82214A57569002C0A30 /* libDFGWater.a */;
			productType = "com.apple.product-type.library.static";
		};
		6704B83114A57569002C0A30 /* DFGWaterTests */ = {
			isa = PBXNativeTarget;
			buildConfigurationList = 6704B84914A57569002C0A30 /* Build configuration list for PBXNativeTarget "DFGWaterTests" */;
			buildPhases = (
				6704B82D14A57569002C0A30 /* Sources */,
				6704B82E14A57569002C0A30 /* Frameworks */,
				6704B82F14A57569002C0A30 /* Resources */,
				6704B83014A57569002C0A30 /* ShellScript */,
			);
			buildRules = (
			);
			dependencies = (
				6704B83914A57569002C0A30 /* PBXTargetDependency */,
			);
			name = DFGWaterTests;
			productName = DFGWaterTests;
			productReference = 6704B83214A57569002C0A30 /* DFGWaterTests.octest */;
			productType = "com.apple.product-type.bundle";
		};
/* End PBXNativeTarget section */

/* Begin PBXProject section */
		6704B81914A57569002C0A30 /* Project object */ = {
			isa = PBXProject;
			attributes = {
				LastUpgradeCheck = 0420;
				ORGANIZATIONNAME = "Half Off Depot";
			};
			buildConfigurationList = 6704B81C14A57569002C0A30 /* Build configuration list for PBXProject "DFGWater" */;
			compatibilityVersion = "Xcode 3.2";
			developmentRegion = English;
			hasScannedForEncodings = 0;
			knownRegions = (
				en,
			);
			mainGroup = 6704B81714A57569002C0A30;
			productRefGroup = 6704B82314A57569002C0A30 /* Products */;
			projectDirPath = "";
			projectRoot = "";
			targets = (
				6704B82114A57569002C0A30 /* DFGWater */,
				6704B83114A57569002C0A30 /* DFGWaterTests */,
			);
		};
/* End PBXProject section */

/* Begin PBXResourcesBuildPhase section */
		6704B82F14A57569002C0A30 /* Resources */ = {
			isa = PBXResourcesBuildPhase;
			buildActionMask = 2147483647;
			files = (
				6704B84014A57569002C0A30 /* InfoPlist.strings in Resources */,
			);
			runOnlyForDeploymentPostprocessing = 0;
		};
/* End PBXResourcesBuildPhase section */

/* Begin PBXShellScriptBuildPhase section */
		6704B83014A57569002C0A30 /* ShellScript */ = {
			isa = PBXShellScriptBuildPhase;
			buildActionMask = 2147483647;
			files = (
			);
			inputPaths = (
			);
			outputPaths = (
			);
			runOnlyForDeploymentPostprocessing = 0;
			shellPath = /bin/sh;
			shellScript = "# Run the unit tests in this test bundle.\n\"${SYSTEM_DEVELOPER_DIR}/Tools/RunUnitTests\"\n";
		};
/* End PBXShellScriptBuildPhase section */

/* Begin PBXSourcesBuildPhase section */
		6704B81E14A57569002C0A30 /* Sources */ = {
			isa = PBXSourcesBuildPhase;
			buildActionMask = 2147483647;
			files = (
				6704B82C14A57569002C0A30 /* DFGWater.m in Sources */,
				6704B85214A57B19002C0A30 /* DFGWaterGaugeDataRequestParameters.m in Sources */,
				67B82B8814A659590054487A /* DFGWaterReading.m in Sources */,
				670D0AF914A6C72700F05E97 /* DFGWaterUSGSGaugeDataRetriever.m in Sources */,
				67EAC80F14A955580040101E /* DFGWaterGauge.m in Sources */,
				67EAC81614A95D440040101E /* DFGWaterUSGSIVJSONRequestBuilder.m in Sources */,
				67EAC81C14A961E00040101E /* DFGWaterUSGSIVJSONResponseParser.m in Sources */,
				6760DAC914ABFBF900EB7881 /* DFGWaterReadingGroup.m in Sources */,
			);
			runOnlyForDeploymentPostprocessing = 0;
		};
		6704B82D14A57569002C0A30 /* Sources */ = {
			isa = PBXSourcesBuildPhase;
			buildActionMask = 2147483647;
			files = (
				67EAC81F14A962D70040101E /* DFGWaterUSGSIVIntegrationTests.m in Sources */,
			);
			runOnlyForDeploymentPostprocessing = 0;
		};
/* End PBXSourcesBuildPhase section */

/* Begin PBXTargetDependency section */
		6704B83914A57569002C0A30 /* PBXTargetDependency */ = {
			isa = PBXTargetDependency;
			target = 6704B82114A57569002C0A30 /* DFGWater */;
			targetProxy = 6704B83814A57569002C0A30 /* PBXContainerItemProxy */;
		};
/* End PBXTargetDependency section */

/* Begin PBXVariantGroup section */
		6704B83E14A57569002C0A30 /* InfoPlist.strings */ = {
			isa = PBXVariantGroup;
			children = (
				6704B83F14A57569002C0A30 /* en */,
			);
			name = InfoPlist.strings;
			sourceTree = "<group>";
		};
/* End PBXVariantGroup section */

/* Begin XCBuildConfiguration section */
		6704B84414A57569002C0A30 /* Debug */ = {
			isa = XCBuildConfiguration;
			buildSettings = {
				ALWAYS_SEARCH_USER_PATHS = NO;
				ARCHS = "$(ARCHS_STANDARD_32_BIT)";
				CLANG_ENABLE_OBJC_ARC = YES;
				COPY_PHASE_STRIP = NO;
				GCC_C_LANGUAGE_STANDARD = gnu99;
				GCC_DYNAMIC_NO_PIC = NO;
				GCC_OPTIMIZATION_LEVEL = 0;
				GCC_PREPROCESSOR_DEFINITIONS = (
					"DEBUG=1",
					"$(inherited)",
				);
				GCC_SYMBOLS_PRIVATE_EXTERN = NO;
				GCC_VERSION = com.apple.compilers.llvm.clang.1_0;
				GCC_WARN_ABOUT_MISSING_PROTOTYPES = YES;
				GCC_WARN_ABOUT_RETURN_TYPE = YES;
				GCC_WARN_UNUSED_VARIABLE = YES;
				IPHONEOS_DEPLOYMENT_TARGET = 5.0;
				SDKROOT = iphoneos;
			};
			name = Debug;
		};
		6704B84514A57569002C0A30 /* Release */ = {
			isa = XCBuildConfiguration;
			buildSettings = {
				ALWAYS_SEARCH_USER_PATHS = NO;
				ARCHS = "$(ARCHS_STANDARD_32_BIT)";
				CLANG_ENABLE_OBJC_ARC = YES;
				COPY_PHASE_STRIP = YES;
				GCC_C_LANGUAGE_STANDARD = gnu99;
				GCC_VERSION = com.apple.compilers.llvm.clang.1_0;
				GCC_WARN_ABOUT_MISSING_PROTOTYPES = YES;
				GCC_WARN_ABOUT_RETURN_TYPE = YES;
				GCC_WARN_UNUSED_VARIABLE = YES;
				IPHONEOS_DEPLOYMENT_TARGET = 5.0;
				SDKROOT = iphoneos;
				VALIDATE_PRODUCT = YES;
			};
			name = Release;
		};
		6704B84714A57569002C0A30 /* Debug */ = {
			isa = XCBuildConfiguration;
			buildSettings = {
				DSTROOT = /tmp/DFGWater.dst;
				GCC_PRECOMPILE_PREFIX_HEADER = YES;
				GCC_PREFIX_HEADER = "DFGWater/DFGWater-Prefix.pch";
				OTHER_LDFLAGS = "-ObjC";
				PRODUCT_NAME = "$(TARGET_NAME)";
				SKIP_INSTALL = YES;
			};
			name = Debug;
		};
		6704B84814A57569002C0A30 /* Release */ = {
			isa = XCBuildConfiguration;
			buildSettings = {
				DSTROOT = /tmp/DFGWater.dst;
				GCC_PRECOMPILE_PREFIX_HEADER = YES;
				GCC_PREFIX_HEADER = "DFGWater/DFGWater-Prefix.pch";
				OTHER_LDFLAGS = "-ObjC";
				PRODUCT_NAME = "$(TARGET_NAME)";
				SKIP_INSTALL = YES;
			};
			name = Release;
		};
		6704B84A14A57569002C0A30 /* Debug */ = {
			isa = XCBuildConfiguration;
			buildSettings = {
				FRAMEWORK_SEARCH_PATHS = (
					"$(SDKROOT)/Developer/Library/Frameworks",
					"$(DEVELOPER_LIBRARY_DIR)/Frameworks",
				);
				GCC_PRECOMPILE_PREFIX_HEADER = YES;
				GCC_PREFIX_HEADER = "DFGWater/DFGWater-Prefix.pch";
				INFOPLIST_FILE = "DFGWaterTests/DFGWaterTests-Info.plist";
				PRODUCT_NAME = "$(TARGET_NAME)";
				WRAPPER_EXTENSION = octest;
			};
			name = Debug;
		};
		6704B84B14A57569002C0A30 /* Release */ = {
			isa = XCBuildConfiguration;
			buildSettings = {
				FRAMEWORK_SEARCH_PATHS = (
					"$(SDKROOT)/Developer/Library/Frameworks",
					"$(DEVELOPER_LIBRARY_DIR)/Frameworks",
				);
				GCC_PRECOMPILE_PREFIX_HEADER = YES;
				GCC_PREFIX_HEADER = "DFGWater/DFGWater-Prefix.pch";
				INFOPLIST_FILE = "DFGWaterTests/DFGWaterTests-Info.plist";
				PRODUCT_NAME = "$(TARGET_NAME)";
				WRAPPER_EXTENSION = octest;
			};
			name = Release;
		};
/* End XCBuildConfiguration section */

/* Begin XCConfigurationList section */
		6704B81C14A57569002C0A30 /* Build configuration list for PBXProject "DFGWater" */ = {
			isa = XCConfigurationList;
			buildConfigurations = (
				6704B84414A57569002C0A30 /* Debug */,
				6704B84514A57569002C0A30 /* Release */,
			);
			defaultConfigurationIsVisible = 0;
			defaultConfigurationName = Release;
		};
		6704B84614A57569002C0A30 /* Build configuration list for PBXNativeTarget "DFGWater" */ = {
			isa = XCConfigurationList;
			buildConfigurations = (
				6704B84714A57569002C0A30 /* Debug */,
				6704B84814A57569002C0A30 /* Release */,
			);
			defaultConfigurationIsVisible = 0;
			defaultConfigurationName = Release;
		};
		6704B84914A57569002C0A30 /* Build configuration list for PBXNativeTarget "DFGWaterTests" */ = {
			isa = XCConfigurationList;
			buildConfigurations = (
				6704B84A14A57569002C0A30 /* Debug */,
				6704B84B14A57569002C0A30 /* Release */,
			);
			defaultConfigurationIsVisible = 0;
			defaultConfigurationName = Release;
		};
/* End XCConfigurationList section */
	};
	rootObject = 6704B81914A57569002C0A30 /* Project object */;
}
