// !$*UTF8*$!
{
	archiveVersion = 1;
	classes = {
	};
	objectVersion = 46;
	objects = {

/* Begin PBXBuildFile section */
		6704B82614A57569002C0A30 /* Foundation.framework in Frameworks */ = {isa = PBXBuildFile; fileRef = 6704B82514A57569002C0A30 /* Foundation.framework */; };
		6704B83414A57569002C0A30 /* SenTestingKit.framework in Frameworks */ = {isa = PBXBuildFile; fileRef = 6704B83314A57569002C0A30 /* SenTestingKit.framework */; };
		6704B83614A57569002C0A30 /* UIKit.framework in Frameworks */ = {isa = PBXBuildFile; fileRef = 6704B83514A57569002C0A30 /* UIKit.framework */; };
		6704B83714A57569002C0A30 /* Foundation.framework in Frameworks */ = {isa = PBXBuildFile; fileRef = 6704B82514A57569002C0A30 /* Foundation.framework */; };
		6704B83A14A57569002C0A30 /* libDFGWater.a in Frameworks */ = {isa = PBXBuildFile; fileRef = 6704B82214A57569002C0A30 /* libDFGWater.a */; };
		6704B84014A57569002C0A30 /* InfoPlist.strings in Resources */ = {isa = PBXBuildFile; fileRef = 6704B83E14A57569002C0A30 /* InfoPlist.strings */; };
		6704B84E14A57A70002C0A30 /* DFGWaterGaugeDataRetrieverProtocol.h in Headers */ = {isa = PBXBuildFile; fileRef = 6704B84D14A57A70002C0A30 /* DFGWaterGaugeDataRetrieverProtocol.h */; settings = {ATTRIBUTES = (Public, ); }; };
		6704B85114A57B19002C0A30 /* DFGWaterGaugeDataRequestParameters.h in Headers */ = {isa = PBXBuildFile; fileRef = 6704B84F14A57B19002C0A30 /* DFGWaterGaugeDataRequestParameters.h */; settings = {ATTRIBUTES = (Public, ); }; };
		6704B85214A57B19002C0A30 /* DFGWaterGaugeDataRequestParameters.m in Sources */ = {isa = PBXBuildFile; fileRef = 6704B85014A57B19002C0A30 /* DFGWaterGaugeDataRequestParameters.m */; };
		6705A8F715732C7900836279 /* DFGWaterGaugeFinderDelegateProtocol.h in Headers */ = {isa = PBXBuildFile; fileRef = 6705A8ED15732C7900836279 /* DFGWaterGaugeFinderDelegateProtocol.h */; settings = {ATTRIBUTES = (Public, ); }; };
		6705A8F815732C7900836279 /* DFGWaterGaugeAPIFinder.h in Headers */ = {isa = PBXBuildFile; fileRef = 6705A8EE15732C7900836279 /* DFGWaterGaugeAPIFinder.h */; settings = {ATTRIBUTES = (Public, ); }; };
		6705A8F915732C7900836279 /* DFGWaterGaugeAPIFinder.m in Sources */ = {isa = PBXBuildFile; fileRef = 6705A8EF15732C7900836279 /* DFGWaterGaugeAPIFinder.m */; };
		6705A8FA15732C7900836279 /* DFGWaterGaugeFinderAPIRequestBuilder.h in Headers */ = {isa = PBXBuildFile; fileRef = 6705A8F015732C7900836279 /* DFGWaterGaugeFinderAPIRequestBuilder.h */; settings = {ATTRIBUTES = (Public, ); }; };
		6705A8FB15732C7900836279 /* DFGWaterGaugeFinderAPIRequestBuilder.m in Sources */ = {isa = PBXBuildFile; fileRef = 6705A8F115732C7900836279 /* DFGWaterGaugeFinderAPIRequestBuilder.m */; };
		6705A8FC15732C7900836279 /* DFGWaterGaugeFinderContext.h in Headers */ = {isa = PBXBuildFile; fileRef = 6705A8F215732C7900836279 /* DFGWaterGaugeFinderContext.h */; settings = {ATTRIBUTES = (Public, ); }; };
		6705A8FD15732C7900836279 /* DFGWaterGaugeFinderContext.m in Sources */ = {isa = PBXBuildFile; fileRef = 6705A8F315732C7900836279 /* DFGWaterGaugeFinderContext.m */; };
		6705A8FE15732C7900836279 /* DFGWaterGaugeFinderProtocol.h in Headers */ = {isa = PBXBuildFile; fileRef = 6705A8F415732C7900836279 /* DFGWaterGaugeFinderProtocol.h */; settings = {ATTRIBUTES = (Public, ); }; };
		6705A8FF15732C7900836279 /* DFGWaterGaugeFinderRequestBuilderProtocol.h in Headers */ = {isa = PBXBuildFile; fileRef = 6705A8F515732C7900836279 /* DFGWaterGaugeFinderRequestBuilderProtocol.h */; settings = {ATTRIBUTES = (Public, ); }; };
		6705A90015732C7900836279 /* DFGWaterGaugeFinderResponseParserProtocol.h in Headers */ = {isa = PBXBuildFile; fileRef = 6705A8F615732C7900836279 /* DFGWaterGaugeFinderResponseParserProtocol.h */; settings = {ATTRIBUTES = (Public, ); }; };
		670D0AFC14A6C7CF00F05E97 /* DFGError.h in Headers */ = {isa = PBXBuildFile; fileRef = 670D0AFB14A6C7CF00F05E97 /* DFGError.h */; };
		67843F2D14B3FE2200FC79E8 /* DFGWater.h in Headers */ = {isa = PBXBuildFile; fileRef = 6704B82A14A57569002C0A30 /* DFGWater.h */; settings = {ATTRIBUTES = (Public, ); }; };
		67B77B5115747102003DC8FD /* DFGWaterGaugeFinderAPIResponseParser.h in Headers */ = {isa = PBXBuildFile; fileRef = 67B77B4F15747102003DC8FD /* DFGWaterGaugeFinderAPIResponseParser.h */; };
		67B77B5215747102003DC8FD /* DFGWaterGaugeFinderAPIResponseParser.m in Sources */ = {isa = PBXBuildFile; fileRef = 67B77B5015747102003DC8FD /* DFGWaterGaugeFinderAPIResponseParser.m */; };
		67B77B561574762E003DC8FD /* DFGWaterGaugeFinderAPIDataInterpreter.h in Headers */ = {isa = PBXBuildFile; fileRef = 67B77B541574762E003DC8FD /* DFGWaterGaugeFinderAPIDataInterpreter.h */; };
		67B77B571574762E003DC8FD /* DFGWaterGaugeFinderAPIDataInterpreter.m in Sources */ = {isa = PBXBuildFile; fileRef = 67B77B551574762E003DC8FD /* DFGWaterGaugeFinderAPIDataInterpreter.m */; };
		67B82B8314A658B60054487A /* DFGWaterGaugeDataRetrieverDelegateProtocol.h in Headers */ = {isa = PBXBuildFile; fileRef = 67B82B8214A658B60054487A /* DFGWaterGaugeDataRetrieverDelegateProtocol.h */; };
		67B82B8714A659590054487A /* DFGWaterReading.h in Headers */ = {isa = PBXBuildFile; fileRef = 67B82B8514A659590054487A /* DFGWaterReading.h */; settings = {ATTRIBUTES = (Public, ); }; };
		67B82B8814A659590054487A /* DFGWaterReading.m in Sources */ = {isa = PBXBuildFile; fileRef = 67B82B8614A659590054487A /* DFGWaterReading.m */; };
		67EAC80E14A955580040101E /* DFGWaterGauge.h in Headers */ = {isa = PBXBuildFile; fileRef = 67EAC80C14A955580040101E /* DFGWaterGauge.h */; settings = {ATTRIBUTES = (Public, ); }; };
		67EAC80F14A955580040101E /* DFGWaterGauge.m in Sources */ = {isa = PBXBuildFile; fileRef = 67EAC80D14A955580040101E /* DFGWaterGauge.m */; };
		67EAC81F14A962D70040101E /* DFGWaterUSGSIVIntegrationTests.m in Sources */ = {isa = PBXBuildFile; fileRef = 67EAC81E14A962D70040101E /* DFGWaterUSGSIVIntegrationTests.m */; };
		67EAC82114A964C00040101E /* CoreLocation.framework in Frameworks */ = {isa = PBXBuildFile; fileRef = 67EAC82014A964C00040101E /* CoreLocation.framework */; };
		D31FE224160576A500B9103A /* DFGWaterGaugeDetailRetrieverProtocol.h in Headers */ = {isa = PBXBuildFile; fileRef = D31FE2221605769A00B9103A /* DFGWaterGaugeDetailRetrieverProtocol.h */; settings = {ATTRIBUTES = (Public, ); }; };
		D31FE2261605776000B9103A /* DFGWaterGaugeDetailResponseParserProtocol.h in Headers */ = {isa = PBXBuildFile; fileRef = D31FE2251605776000B9103A /* DFGWaterGaugeDetailResponseParserProtocol.h */; settings = {ATTRIBUTES = (Public, ); }; };
		D31FE229160577DB00B9103A /* DFGWaterGaugeAPIDetailRetriever.h in Headers */ = {isa = PBXBuildFile; fileRef = D31FE227160577DB00B9103A /* DFGWaterGaugeAPIDetailRetriever.h */; settings = {ATTRIBUTES = (Public, ); }; };
		D31FE22A160577DB00B9103A /* DFGWaterGaugeAPIDetailRetriever.m in Sources */ = {isa = PBXBuildFile; fileRef = D31FE228160577DB00B9103A /* DFGWaterGaugeAPIDetailRetriever.m */; };
		D31FE23016057F4700B9103A /* DFGWaterGaugeDataAdder.h in Headers */ = {isa = PBXBuildFile; fileRef = D31FE22E16057F4600B9103A /* DFGWaterGaugeDataAdder.h */; settings = {ATTRIBUTES = (); }; };
		D31FE23116057F4700B9103A /* DFGWaterGaugeDataAdder.m in Sources */ = {isa = PBXBuildFile; fileRef = D31FE22F16057F4700B9103A /* DFGWaterGaugeDataAdder.m */; };
		D31FE2341605818D00B9103A /* DFGWaterGaugeDetailAPIResponseParser.h in Headers */ = {isa = PBXBuildFile; fileRef = D31FE2321605818D00B9103A /* DFGWaterGaugeDetailAPIResponseParser.h */; };
		D31FE2351605818D00B9103A /* DFGWaterGaugeDetailAPIResponseParser.m in Sources */ = {isa = PBXBuildFile; fileRef = D31FE2331605818D00B9103A /* DFGWaterGaugeDetailAPIResponseParser.m */; };
		D31FE2401605879500B9103A /* DFGWaterDateMaker.h in Headers */ = {isa = PBXBuildFile; fileRef = D31FE23E1605879400B9103A /* DFGWaterDateMaker.h */; };
		D31FE2411605879500B9103A /* DFGWaterDateMaker.m in Sources */ = {isa = PBXBuildFile; fileRef = D31FE23F1605879400B9103A /* DFGWaterDateMaker.m */; };
		D35C801415D9E7910099EE54 /* DFGMapAnnotationWaterGauge.h in Headers */ = {isa = PBXBuildFile; fileRef = D35C801215D9E7900099EE54 /* DFGMapAnnotationWaterGauge.h */; settings = {ATTRIBUTES = (Public, ); }; };
		D35C801515D9E7910099EE54 /* DFGMapAnnotationWaterGauge.m in Sources */ = {isa = PBXBuildFile; fileRef = D35C801315D9E7910099EE54 /* DFGMapAnnotationWaterGauge.m */; };
		D396394D163F64C500FC8CAF /* DFGWaterGaugeReadingsBuilder.h in Headers */ = {isa = PBXBuildFile; fileRef = D396394B163F64C500FC8CAF /* DFGWaterGaugeReadingsBuilder.h */; settings = {ATTRIBUTES = (Public, ); }; };
		D396394E163F64C500FC8CAF /* DFGWaterGaugeReadingsBuilder.m in Sources */ = {isa = PBXBuildFile; fileRef = D396394C163F64C500FC8CAF /* DFGWaterGaugeReadingsBuilder.m */; };
		D3C741A81602DA2600A685B7 /* DFGWaterGaugeDetailRequestBuilderProtocol.h in Headers */ = {isa = PBXBuildFile; fileRef = D3C741A71602DA2600A685B7 /* DFGWaterGaugeDetailRequestBuilderProtocol.h */; settings = {ATTRIBUTES = (Public, ); }; };
		D3C741B01602DAA100A685B7 /* DFGWaterGaugeDetailAPIRequestBuilder.h in Headers */ = {isa = PBXBuildFile; fileRef = D3C741AE1602DAA100A685B7 /* DFGWaterGaugeDetailAPIRequestBuilder.h */; settings = {ATTRIBUTES = (Public, ); }; };
		D3C741B11602DAA100A685B7 /* DFGWaterGaugeDetailAPIRequestBuilder.m in Sources */ = {isa = PBXBuildFile; fileRef = D3C741AF1602DAA100A685B7 /* DFGWaterGaugeDetailAPIRequestBuilder.m */; };
		D3CD85BA1640A7E500405931 /* DFGWaterReadingsLineGraphIllustrator.h in Headers */ = {isa = PBXBuildFile; fileRef = D3CD85B81640A7E500405931 /* DFGWaterReadingsLineGraphIllustrator.h */; settings = {ATTRIBUTES = (Public, ); }; };
		D3CD85BB1640A7E500405931 /* DFGWaterReadingsLineGraphIllustrator.m in Sources */ = {isa = PBXBuildFile; fileRef = D3CD85B91640A7E500405931 /* DFGWaterReadingsLineGraphIllustrator.m */; };
		D3CD85BC1640A7F700405931 /* DFGWaterReadingsGraphIllustratorProtocol.h in Headers */ = {isa = PBXBuildFile; fileRef = D3CD85B61640A6F400405931 /* DFGWaterReadingsGraphIllustratorProtocol.h */; settings = {ATTRIBUTES = (Public, ); }; };
/* End PBXBuildFile section */

/* Begin PBXContainerItemProxy section */
		6704B83814A57569002C0A30 /* PBXContainerItemProxy */ = {
			isa = PBXContainerItemProxy;
			containerPortal = 6704B81914A57569002C0A30 /* Project object */;
			proxyType = 1;
			remoteGlobalIDString = 6704B82114A57569002C0A30;
			remoteInfo = DFGWater;
		};
/* End PBXContainerItemProxy section */

/* Begin PBXFileReference section */
		6704B82214A57569002C0A30 /* libDFGWater.a */ = {isa = PBXFileReference; explicitFileType = archive.ar; includeInIndex = 0; path = libDFGWater.a; sourceTree = BUILT_PRODUCTS_DIR; };
		6704B82514A57569002C0A30 /* Foundation.framework */ = {isa = PBXFileReference; lastKnownFileType = wrapper.framework; name = Foundation.framework; path = System/Library/Frameworks/Foundation.framework; sourceTree = SDKROOT; };
		6704B82914A57569002C0A30 /* DFGWater-Prefix.pch */ = {isa = PBXFileReference; lastKnownFileType = sourcecode.c.h; path = "DFGWater-Prefix.pch"; sourceTree = "<group>"; };
		6704B82A14A57569002C0A30 /* DFGWater.h */ = {isa = PBXFileReference; lastKnownFileType = sourcecode.c.h; path = DFGWater.h; sourceTree = "<group>"; };
		6704B83214A57569002C0A30 /* DFGWaterTests.octest */ = {isa = PBXFileReference; explicitFileType = wrapper.cfbundle; includeInIndex = 0; path = DFGWaterTests.octest; sourceTree = BUILT_PRODUCTS_DIR; };
		6704B83314A57569002C0A30 /* SenTestingKit.framework */ = {isa = PBXFileReference; lastKnownFileType = wrapper.framework; name = SenTestingKit.framework; path = Library/Frameworks/SenTestingKit.framework; sourceTree = DEVELOPER_DIR; };
		6704B83514A57569002C0A30 /* UIKit.framework */ = {isa = PBXFileReference; lastKnownFileType = wrapper.framework; name = UIKit.framework; path = Library/Frameworks/UIKit.framework; sourceTree = DEVELOPER_DIR; };
		6704B83D14A57569002C0A30 /* DFGWaterTests-Info.plist */ = {isa = PBXFileReference; lastKnownFileType = text.plist.xml; path = "DFGWaterTests-Info.plist"; sourceTree = "<group>"; };
		6704B83F14A57569002C0A30 /* en */ = {isa = PBXFileReference; lastKnownFileType = text.plist.strings; name = en; path = en.lproj/InfoPlist.strings; sourceTree = "<group>"; };
		6704B84D14A57A70002C0A30 /* DFGWaterGaugeDataRetrieverProtocol.h */ = {isa = PBXFileReference; fileEncoding = 4; lastKnownFileType = sourcecode.c.h; path = DFGWaterGaugeDataRetrieverProtocol.h; sourceTree = "<group>"; };
		6704B84F14A57B19002C0A30 /* DFGWaterGaugeDataRequestParameters.h */ = {isa = PBXFileReference; fileEncoding = 4; lastKnownFileType = sourcecode.c.h; path = DFGWaterGaugeDataRequestParameters.h; sourceTree = "<group>"; };
		6704B85014A57B19002C0A30 /* DFGWaterGaugeDataRequestParameters.m */ = {isa = PBXFileReference; fileEncoding = 4; lastKnownFileType = sourcecode.c.objc; path = DFGWaterGaugeDataRequestParameters.m; sourceTree = "<group>"; };
		6705A8ED15732C7900836279 /* DFGWaterGaugeFinderDelegateProtocol.h */ = {isa = PBXFileReference; fileEncoding = 4; lastKnownFileType = sourcecode.c.h; path = DFGWaterGaugeFinderDelegateProtocol.h; sourceTree = "<group>"; };
		6705A8EE15732C7900836279 /* DFGWaterGaugeAPIFinder.h */ = {isa = PBXFileReference; fileEncoding = 4; lastKnownFileType = sourcecode.c.h; path = DFGWaterGaugeAPIFinder.h; sourceTree = "<group>"; };
		6705A8EF15732C7900836279 /* DFGWaterGaugeAPIFinder.m */ = {isa = PBXFileReference; fileEncoding = 4; lastKnownFileType = sourcecode.c.objc; path = DFGWaterGaugeAPIFinder.m; sourceTree = "<group>"; };
		6705A8F015732C7900836279 /* DFGWaterGaugeFinderAPIRequestBuilder.h */ = {isa = PBXFileReference; fileEncoding = 4; lastKnownFileType = sourcecode.c.h; path = DFGWaterGaugeFinderAPIRequestBuilder.h; sourceTree = "<group>"; };
		6705A8F115732C7900836279 /* DFGWaterGaugeFinderAPIRequestBuilder.m */ = {isa = PBXFileReference; fileEncoding = 4; lastKnownFileType = sourcecode.c.objc; path = DFGWaterGaugeFinderAPIRequestBuilder.m; sourceTree = "<group>"; };
		6705A8F215732C7900836279 /* DFGWaterGaugeFinderContext.h */ = {isa = PBXFileReference; fileEncoding = 4; lastKnownFileType = sourcecode.c.h; path = DFGWaterGaugeFinderContext.h; sourceTree = "<group>"; };
		6705A8F315732C7900836279 /* DFGWaterGaugeFinderContext.m */ = {isa = PBXFileReference; fileEncoding = 4; lastKnownFileType = sourcecode.c.objc; path = DFGWaterGaugeFinderContext.m; sourceTree = "<group>"; };
		6705A8F415732C7900836279 /* DFGWaterGaugeFinderProtocol.h */ = {isa = PBXFileReference; fileEncoding = 4; lastKnownFileType = sourcecode.c.h; path = DFGWaterGaugeFinderProtocol.h; sourceTree = "<group>"; };
		6705A8F515732C7900836279 /* DFGWaterGaugeFinderRequestBuilderProtocol.h */ = {isa = PBXFileReference; fileEncoding = 4; lastKnownFileType = sourcecode.c.h; path = DFGWaterGaugeFinderRequestBuilderProtocol.h; sourceTree = "<group>"; };
		6705A8F615732C7900836279 /* DFGWaterGaugeFinderResponseParserProtocol.h */ = {isa = PBXFileReference; fileEncoding = 4; lastKnownFileType = sourcecode.c.h; path = DFGWaterGaugeFinderResponseParserProtocol.h; sourceTree = "<group>"; };
		670D0AFB14A6C7CF00F05E97 /* DFGError.h */ = {isa = PBXFileReference; fileEncoding = 4; lastKnownFileType = sourcecode.c.h; path = DFGError.h; sourceTree = "<group>"; };
		67B77B4F15747102003DC8FD /* DFGWaterGaugeFinderAPIResponseParser.h */ = {isa = PBXFileReference; fileEncoding = 4; lastKnownFileType = sourcecode.c.h; path = DFGWaterGaugeFinderAPIResponseParser.h; sourceTree = "<group>"; };
		67B77B5015747102003DC8FD /* DFGWaterGaugeFinderAPIResponseParser.m */ = {isa = PBXFileReference; fileEncoding = 4; lastKnownFileType = sourcecode.c.objc; path = DFGWaterGaugeFinderAPIResponseParser.m; sourceTree = "<group>"; };
		67B77B541574762E003DC8FD /* DFGWaterGaugeFinderAPIDataInterpreter.h */ = {isa = PBXFileReference; fileEncoding = 4; lastKnownFileType = sourcecode.c.h; path = DFGWaterGaugeFinderAPIDataInterpreter.h; sourceTree = "<group>"; };
		67B77B551574762E003DC8FD /* DFGWaterGaugeFinderAPIDataInterpreter.m */ = {isa = PBXFileReference; fileEncoding = 4; lastKnownFileType = sourcecode.c.objc; path = DFGWaterGaugeFinderAPIDataInterpreter.m; sourceTree = "<group>"; };
		67B82B8214A658B60054487A /* DFGWaterGaugeDataRetrieverDelegateProtocol.h */ = {isa = PBXFileReference; fileEncoding = 4; lastKnownFileType = sourcecode.c.h; path = DFGWaterGaugeDataRetrieverDelegateProtocol.h; sourceTree = "<group>"; };
		67B82B8514A659590054487A /* DFGWaterReading.h */ = {isa = PBXFileReference; fileEncoding = 4; lastKnownFileType = sourcecode.c.h; path = DFGWaterReading.h; sourceTree = "<group>"; };
		67B82B8614A659590054487A /* DFGWaterReading.m */ = {isa = PBXFileReference; fileEncoding = 4; lastKnownFileType = sourcecode.c.objc; path = DFGWaterReading.m; sourceTree = "<group>"; };
		67EAC80C14A955580040101E /* DFGWaterGauge.h */ = {isa = PBXFileReference; fileEncoding = 4; lastKnownFileType = sourcecode.c.h; path = DFGWaterGauge.h; sourceTree = "<group>"; };
		67EAC80D14A955580040101E /* DFGWaterGauge.m */ = {isa = PBXFileReference; fileEncoding = 4; lastKnownFileType = sourcecode.c.objc; path = DFGWaterGauge.m; sourceTree = "<group>"; };
		67EAC81D14A962D70040101E /* DFGWaterUSGSIVIntegrationTests.h */ = {isa = PBXFileReference; fileEncoding = 4; lastKnownFileType = sourcecode.c.h; path = DFGWaterUSGSIVIntegrationTests.h; sourceTree = "<group>"; };
		67EAC81E14A962D70040101E /* DFGWaterUSGSIVIntegrationTests.m */ = {isa = PBXFileReference; fileEncoding = 4; lastKnownFileType = sourcecode.c.objc; path = DFGWaterUSGSIVIntegrationTests.m; sourceTree = "<group>"; };
		67EAC82014A964C00040101E /* CoreLocation.framework */ = {isa = PBXFileReference; lastKnownFileType = wrapper.framework; name = CoreLocation.framework; path = System/Library/Frameworks/CoreLocation.framework; sourceTree = SDKROOT; };
		D31FE2221605769A00B9103A /* DFGWaterGaugeDetailRetrieverProtocol.h */ = {isa = PBXFileReference; lastKnownFileType = sourcecode.c.h; path = DFGWaterGaugeDetailRetrieverProtocol.h; sourceTree = "<group>"; };
		D31FE2251605776000B9103A /* DFGWaterGaugeDetailResponseParserProtocol.h */ = {isa = PBXFileReference; fileEncoding = 4; lastKnownFileType = sourcecode.c.h; path = DFGWaterGaugeDetailResponseParserProtocol.h; sourceTree = "<group>"; };
		D31FE227160577DB00B9103A /* DFGWaterGaugeAPIDetailRetriever.h */ = {isa = PBXFileReference; fileEncoding = 4; lastKnownFileType = sourcecode.c.h; path = DFGWaterGaugeAPIDetailRetriever.h; sourceTree = "<group>"; };
		D31FE228160577DB00B9103A /* DFGWaterGaugeAPIDetailRetriever.m */ = {isa = PBXFileReference; fileEncoding = 4; lastKnownFileType = sourcecode.c.objc; path = DFGWaterGaugeAPIDetailRetriever.m; sourceTree = "<group>"; };
		D31FE22E16057F4600B9103A /* DFGWaterGaugeDataAdder.h */ = {isa = PBXFileReference; fileEncoding = 4; lastKnownFileType = sourcecode.c.h; path = DFGWaterGaugeDataAdder.h; sourceTree = "<group>"; };
		D31FE22F16057F4700B9103A /* DFGWaterGaugeDataAdder.m */ = {isa = PBXFileReference; fileEncoding = 4; lastKnownFileType = sourcecode.c.objc; path = DFGWaterGaugeDataAdder.m; sourceTree = "<group>"; };
		D31FE2321605818D00B9103A /* DFGWaterGaugeDetailAPIResponseParser.h */ = {isa = PBXFileReference; fileEncoding = 4; lastKnownFileType = sourcecode.c.h; path = DFGWaterGaugeDetailAPIResponseParser.h; sourceTree = "<group>"; };
		D31FE2331605818D00B9103A /* DFGWaterGaugeDetailAPIResponseParser.m */ = {isa = PBXFileReference; fileEncoding = 4; lastKnownFileType = sourcecode.c.objc; path = DFGWaterGaugeDetailAPIResponseParser.m; sourceTree = "<group>"; };
		D31FE23E1605879400B9103A /* DFGWaterDateMaker.h */ = {isa = PBXFileReference; fileEncoding = 4; lastKnownFileType = sourcecode.c.h; path = DFGWaterDateMaker.h; sourceTree = "<group>"; };
		D31FE23F1605879400B9103A /* DFGWaterDateMaker.m */ = {isa = PBXFileReference; fileEncoding = 4; lastKnownFileType = sourcecode.c.objc; path = DFGWaterDateMaker.m; sourceTree = "<group>"; };
		D35C801215D9E7900099EE54 /* DFGMapAnnotationWaterGauge.h */ = {isa = PBXFileReference; fileEncoding = 4; lastKnownFileType = sourcecode.c.h; path = DFGMapAnnotationWaterGauge.h; sourceTree = "<group>"; };
		D35C801315D9E7910099EE54 /* DFGMapAnnotationWaterGauge.m */ = {isa = PBXFileReference; fileEncoding = 4; lastKnownFileType = sourcecode.c.objc; path = DFGMapAnnotationWaterGauge.m; sourceTree = "<group>"; };
		D396394B163F64C500FC8CAF /* DFGWaterGaugeReadingsBuilder.h */ = {isa = PBXFileReference; fileEncoding = 4; lastKnownFileType = sourcecode.c.h; path = DFGWaterGaugeReadingsBuilder.h; sourceTree = "<group>"; };
		D396394C163F64C500FC8CAF /* DFGWaterGaugeReadingsBuilder.m */ = {isa = PBXFileReference; fileEncoding = 4; lastKnownFileType = sourcecode.c.objc; path = DFGWaterGaugeReadingsBuilder.m; sourceTree = "<group>"; };
		D3C741A71602DA2600A685B7 /* DFGWaterGaugeDetailRequestBuilderProtocol.h */ = {isa = PBXFileReference; fileEncoding = 4; lastKnownFileType = sourcecode.c.h; path = DFGWaterGaugeDetailRequestBuilderProtocol.h; sourceTree = "<group>"; };
		D3C741AE1602DAA100A685B7 /* DFGWaterGaugeDetailAPIRequestBuilder.h */ = {isa = PBXFileReference; fileEncoding = 4; lastKnownFileType = sourcecode.c.h; path = DFGWaterGaugeDetailAPIRequestBuilder.h; sourceTree = "<group>"; };
		D3C741AF1602DAA100A685B7 /* DFGWaterGaugeDetailAPIRequestBuilder.m */ = {isa = PBXFileReference; fileEncoding = 4; lastKnownFileType = sourcecode.c.objc; path = DFGWaterGaugeDetailAPIRequestBuilder.m; sourceTree = "<group>"; };
		D3C741B21602DB2000A685B7 /* DFGWaterBaseURLStringProtocol.h */ = {isa = PBXFileReference; lastKnownFileType = sourcecode.c.h; path = DFGWaterBaseURLStringProtocol.h; sourceTree = "<group>"; };
		D3CD85B61640A6F400405931 /* DFGWaterReadingsGraphIllustratorProtocol.h */ = {isa = PBXFileReference; lastKnownFileType = sourcecode.c.h; path = DFGWaterReadingsGraphIllustratorProtocol.h; sourceTree = "<group>"; };
		D3CD85B81640A7E500405931 /* DFGWaterReadingsLineGraphIllustrator.h */ = {isa = PBXFileReference; fileEncoding = 4; lastKnownFileType = sourcecode.c.h; path = DFGWaterReadingsLineGraphIllustrator.h; sourceTree = "<group>"; };
		D3CD85B91640A7E500405931 /* DFGWaterReadingsLineGraphIllustrator.m */ = {isa = PBXFileReference; fileEncoding = 4; lastKnownFileType = sourcecode.c.objc; path = DFGWaterReadingsLineGraphIllustrator.m; sourceTree = "<group>"; };
/* End PBXFileReference section */

/* Begin PBXFrameworksBuildPhase section */
		6704B81F14A57569002C0A30 /* Frameworks */ = {
			isa = PBXFrameworksBuildPhase;
			buildActionMask = 2147483647;
			files = (
				6704B82614A57569002C0A30 /* Foundation.framework in Frameworks */,
			);
			runOnlyForDeploymentPostprocessing = 0;
		};
		6704B82E14A57569002C0A30 /* Frameworks */ = {
			isa = PBXFrameworksBuildPhase;
			buildActionMask = 2147483647;
			files = (
				67EAC82114A964C00040101E /* CoreLocation.framework in Frameworks */,
				6704B83414A57569002C0A30 /* SenTestingKit.framework in Frameworks */,
				6704B83614A57569002C0A30 /* UIKit.framework in Frameworks */,
				6704B83714A57569002C0A30 /* Foundation.framework in Frameworks */,
				6704B83A14A57569002C0A30 /* libDFGWater.a in Frameworks */,
			);
			runOnlyForDeploymentPostprocessing = 0;
		};
/* End PBXFrameworksBuildPhase section */

/* Begin PBXGroup section */
		6704B81714A57569002C0A30 = {
			isa = PBXGroup;
			children = (
				6704B82714A57569002C0A30 /* DFGWater */,
				6704B83B14A57569002C0A30 /* DFGWaterTests */,
				6704B82414A57569002C0A30 /* Frameworks */,
				6704B82314A57569002C0A30 /* Products */,
			);
			sourceTree = "<group>";
		};
		6704B82314A57569002C0A30 /* Products */ = {
			isa = PBXGroup;
			children = (
				6704B82214A57569002C0A30 /* libDFGWater.a */,
				6704B83214A57569002C0A30 /* DFGWaterTests.octest */,
			);
			name = Products;
			sourceTree = "<group>";
		};
		6704B82414A57569002C0A30 /* Frameworks */ = {
			isa = PBXGroup;
			children = (
				67EAC82014A964C00040101E /* CoreLocation.framework */,
				6704B82514A57569002C0A30 /* Foundation.framework */,
				6704B83314A57569002C0A30 /* SenTestingKit.framework */,
				6704B83514A57569002C0A30 /* UIKit.framework */,
			);
			name = Frameworks;
			sourceTree = "<group>";
		};
		6704B82714A57569002C0A30 /* DFGWater */ = {
			isa = PBXGroup;
			children = (
				670D0AFB14A6C7CF00F05E97 /* DFGError.h */,
				D35C801215D9E7900099EE54 /* DFGMapAnnotationWaterGauge.h */,
				D35C801315D9E7910099EE54 /* DFGMapAnnotationWaterGauge.m */,
				6704B82A14A57569002C0A30 /* DFGWater.h */,
				67EAC80C14A955580040101E /* DFGWaterGauge.h */,
				67EAC80D14A955580040101E /* DFGWaterGauge.m */,
				6705A8EE15732C7900836279 /* DFGWaterGaugeAPIFinder.h */,
				6705A8EF15732C7900836279 /* DFGWaterGaugeAPIFinder.m */,
				6704B84F14A57B19002C0A30 /* DFGWaterGaugeDataRequestParameters.h */,
				6704B85014A57B19002C0A30 /* DFGWaterGaugeDataRequestParameters.m */,
				67B82B8214A658B60054487A /* DFGWaterGaugeDataRetrieverDelegateProtocol.h */,
				6704B84D14A57A70002C0A30 /* DFGWaterGaugeDataRetrieverProtocol.h */,
				67B77B541574762E003DC8FD /* DFGWaterGaugeFinderAPIDataInterpreter.h */,
				67B77B551574762E003DC8FD /* DFGWaterGaugeFinderAPIDataInterpreter.m */,
				6705A8F015732C7900836279 /* DFGWaterGaugeFinderAPIRequestBuilder.h */,
				6705A8F115732C7900836279 /* DFGWaterGaugeFinderAPIRequestBuilder.m */,
				67B77B4F15747102003DC8FD /* DFGWaterGaugeFinderAPIResponseParser.h */,
				67B77B5015747102003DC8FD /* DFGWaterGaugeFinderAPIResponseParser.m */,
				6705A8F215732C7900836279 /* DFGWaterGaugeFinderContext.h */,
				6705A8F315732C7900836279 /* DFGWaterGaugeFinderContext.m */,
				6705A8ED15732C7900836279 /* DFGWaterGaugeFinderDelegateProtocol.h */,
				6705A8F415732C7900836279 /* DFGWaterGaugeFinderProtocol.h */,
				6705A8F515732C7900836279 /* DFGWaterGaugeFinderRequestBuilderProtocol.h */,
				6705A8F615732C7900836279 /* DFGWaterGaugeFinderResponseParserProtocol.h */,
				67B82B8514A659590054487A /* DFGWaterReading.h */,
				67B82B8614A659590054487A /* DFGWaterReading.m */,
				D3C741B21602DB2000A685B7 /* DFGWaterBaseURLStringProtocol.h */,
				D3C741A71602DA2600A685B7 /* DFGWaterGaugeDetailRequestBuilderProtocol.h */,
				D3C741AE1602DAA100A685B7 /* DFGWaterGaugeDetailAPIRequestBuilder.h */,
				D3C741AF1602DAA100A685B7 /* DFGWaterGaugeDetailAPIRequestBuilder.m */,
				D31FE2221605769A00B9103A /* DFGWaterGaugeDetailRetrieverProtocol.h */,
				D31FE227160577DB00B9103A /* DFGWaterGaugeAPIDetailRetriever.h */,
				D31FE228160577DB00B9103A /* DFGWaterGaugeAPIDetailRetriever.m */,
				D31FE2251605776000B9103A /* DFGWaterGaugeDetailResponseParserProtocol.h */,
				D31FE2321605818D00B9103A /* DFGWaterGaugeDetailAPIResponseParser.h */,
				D31FE2331605818D00B9103A /* DFGWaterGaugeDetailAPIResponseParser.m */,
				D31FE22E16057F4600B9103A /* DFGWaterGaugeDataAdder.h */,
				D31FE22F16057F4700B9103A /* DFGWaterGaugeDataAdder.m */,
				D31FE23E1605879400B9103A /* DFGWaterDateMaker.h */,
				D31FE23F1605879400B9103A /* DFGWaterDateMaker.m */,
				6704B82814A57569002C0A30 /* Supporting Files */,
				D396394B163F64C500FC8CAF /* DFGWaterGaugeReadingsBuilder.h */,
				D396394C163F64C500FC8CAF /* DFGWaterGaugeReadingsBuilder.m */,
				D3CD85B61640A6F400405931 /* DFGWaterReadingsGraphIllustratorProtocol.h */,
				D3CD85B81640A7E500405931 /* DFGWaterReadingsLineGraphIllustrator.h */,
				D3CD85B91640A7E500405931 /* DFGWaterReadingsLineGraphIllustrator.m */,
			);
			path = DFGWater;
			sourceTree = "<group>";
		};
		6704B82814A57569002C0A30 /* Supporting Files */ = {
			isa = PBXGroup;
			children = (
				6704B82914A57569002C0A30 /* DFGWater-Prefix.pch */,
			);
			name = "Supporting Files";
			sourceTree = "<group>";
		};
		6704B83B14A57569002C0A30 /* DFGWaterTests */ = {
			isa = PBXGroup;
			children = (
				6704B83C14A57569002C0A30 /* Supporting Files */,
				67EAC81D14A962D70040101E /* DFGWaterUSGSIVIntegrationTests.h */,
				67EAC81E14A962D70040101E /* DFGWaterUSGSIVIntegrationTests.m */,
			);
			path = DFGWaterTests;
			sourceTree = "<group>";
		};
		6704B83C14A57569002C0A30 /* Supporting Files */ = {
			isa = PBXGroup;
			children = (
				6704B83D14A57569002C0A30 /* DFGWaterTests-Info.plist */,
				6704B83E14A57569002C0A30 /* InfoPlist.strings */,
			);
			name = "Supporting Files";
			sourceTree = "<group>";
		};
/* End PBXGroup section */

/* Begin PBXHeadersBuildPhase section */
		6704B82014A57569002C0A30 /* Headers */ = {
			isa = PBXHeadersBuildPhase;
			buildActionMask = 2147483647;
			files = (
				6704B84E14A57A70002C0A30 /* DFGWaterGaugeDataRetrieverProtocol.h in Headers */,
				6704B85114A57B19002C0A30 /* DFGWaterGaugeDataRequestParameters.h in Headers */,
				67B82B8314A658B60054487A /* DFGWaterGaugeDataRetrieverDelegateProtocol.h in Headers */,
				67B82B8714A659590054487A /* DFGWaterReading.h in Headers */,
				670D0AFC14A6C7CF00F05E97 /* DFGError.h in Headers */,
				67EAC80E14A955580040101E /* DFGWaterGauge.h in Headers */,
				67843F2D14B3FE2200FC79E8 /* DFGWater.h in Headers */,
				6705A8F715732C7900836279 /* DFGWaterGaugeFinderDelegateProtocol.h in Headers */,
				6705A8F815732C7900836279 /* DFGWaterGaugeAPIFinder.h in Headers */,
				6705A8FA15732C7900836279 /* DFGWaterGaugeFinderAPIRequestBuilder.h in Headers */,
				6705A8FC15732C7900836279 /* DFGWaterGaugeFinderContext.h in Headers */,
				6705A8FE15732C7900836279 /* DFGWaterGaugeFinderProtocol.h in Headers */,
				6705A8FF15732C7900836279 /* DFGWaterGaugeFinderRequestBuilderProtocol.h in Headers */,
				6705A90015732C7900836279 /* DFGWaterGaugeFinderResponseParserProtocol.h in Headers */,
				67B77B5115747102003DC8FD /* DFGWaterGaugeFinderAPIResponseParser.h in Headers */,
				67B77B561574762E003DC8FD /* DFGWaterGaugeFinderAPIDataInterpreter.h in Headers */,
				D35C801415D9E7910099EE54 /* DFGMapAnnotationWaterGauge.h in Headers */,
				D3C741A81602DA2600A685B7 /* DFGWaterGaugeDetailRequestBuilderProtocol.h in Headers */,
				D3C741B01602DAA100A685B7 /* DFGWaterGaugeDetailAPIRequestBuilder.h in Headers */,
				D31FE224160576A500B9103A /* DFGWaterGaugeDetailRetrieverProtocol.h in Headers */,
				D31FE2261605776000B9103A /* DFGWaterGaugeDetailResponseParserProtocol.h in Headers */,
				D31FE229160577DB00B9103A /* DFGWaterGaugeAPIDetailRetriever.h in Headers */,
				D31FE23016057F4700B9103A /* DFGWaterGaugeDataAdder.h in Headers */,
				D31FE2341605818D00B9103A /* DFGWaterGaugeDetailAPIResponseParser.h in Headers */,
				D31FE2401605879500B9103A /* DFGWaterDateMaker.h in Headers */,
				D396394D163F64C500FC8CAF /* DFGWaterGaugeReadingsBuilder.h in Headers */,
				D3CD85BA1640A7E500405931 /* DFGWaterReadingsLineGraphIllustrator.h in Headers */,
				D3CD85BC1640A7F700405931 /* DFGWaterReadingsGraphIllustratorProtocol.h in Headers */,
			);
			runOnlyForDeploymentPostprocessing = 0;
		};
/* End PBXHeadersBuildPhase section */

/* Begin PBXNativeTarget section */
		6704B82114A57569002C0A30 /* DFGWater */ = {
			isa = PBXNativeTarget;
			buildConfigurationList = 6704B84614A57569002C0A30 /* Build configuration list for PBXNativeTarget "DFGWater" */;
			buildPhases = (
				6704B81E14A57569002C0A30 /* Sources */,
				6704B81F14A57569002C0A30 /* Frameworks */,
				6704B82014A57569002C0A30 /* Headers */,
			);
			buildRules = (
			);
			dependencies = (
			);
			name = DFGWater;
			productName = DFGWater;
			productReference = 6704B82214A57569002C0A30 /* libDFGWater.a */;
			productType = "com.apple.product-type.library.static";
		};
		6704B83114A57569002C0A30 /* DFGWaterTests */ = {
			isa = PBXNativeTarget;
			buildConfigurationList = 6704B84914A57569002C0A30 /* Build configuration list for PBXNativeTarget "DFGWaterTests" */;
			buildPhases = (
				6704B82D14A57569002C0A30 /* Sources */,
				6704B82E14A57569002C0A30 /* Frameworks */,
				6704B82F14A57569002C0A30 /* Resources */,
				6704B83014A57569002C0A30 /* ShellScript */,
			);
			buildRules = (
			);
			dependencies = (
				6704B83914A57569002C0A30 /* PBXTargetDependency */,
			);
			name = DFGWaterTests;
			productName = DFGWaterTests;
			productReference = 6704B83214A57569002C0A30 /* DFGWaterTests.octest */;
			productType = "com.apple.product-type.bundle";
		};
/* End PBXNativeTarget section */

/* Begin PBXProject section */
		6704B81914A57569002C0A30 /* Project object */ = {
			isa = PBXProject;
			attributes = {
				LastUpgradeCheck = 0430;
				ORGANIZATIONNAME = "D5G Technology, LLC";
			};
			buildConfigurationList = 6704B81C14A57569002C0A30 /* Build configuration list for PBXProject "DFGWater" */;
			compatibilityVersion = "Xcode 3.2";
			developmentRegion = English;
			hasScannedForEncodings = 0;
			knownRegions = (
				en,
			);
			mainGroup = 6704B81714A57569002C0A30;
			productRefGroup = 6704B82314A57569002C0A30 /* Products */;
			projectDirPath = "";
			projectRoot = "";
			targets = (
				6704B82114A57569002C0A30 /* DFGWater */,
				6704B83114A57569002C0A30 /* DFGWaterTests */,
			);
		};
/* End PBXProject section */

/* Begin PBXResourcesBuildPhase section */
		6704B82F14A57569002C0A30 /* Resources */ = {
			isa = PBXResourcesBuildPhase;
			buildActionMask = 2147483647;
			files = (
				6704B84014A57569002C0A30 /* InfoPlist.strings in Resources */,
			);
			runOnlyForDeploymentPostprocessing = 0;
		};
/* End PBXResourcesBuildPhase section */

/* Begin PBXShellScriptBuildPhase section */
		6704B83014A57569002C0A30 /* ShellScript */ = {
			isa = PBXShellScriptBuildPhase;
			buildActionMask = 2147483647;
			files = (
			);
			inputPaths = (
			);
			outputPaths = (
			);
			runOnlyForDeploymentPostprocessing = 0;
			shellPath = /bin/sh;
			shellScript = "# Run the unit tests in this test bundle.\n\"${SYSTEM_DEVELOPER_DIR}/Tools/RunUnitTests\"\n";
		};
/* End PBXShellScriptBuildPhase section */

/* Begin PBXSourcesBuildPhase section */
		6704B81E14A57569002C0A30 /* Sources */ = {
			isa = PBXSourcesBuildPhase;
			buildActionMask = 2147483647;
			files = (
				6704B85214A57B19002C0A30 /* DFGWaterGaugeDataRequestParameters.m in Sources */,
				67B82B8814A659590054487A /* DFGWaterReading.m in Sources */,
				67EAC80F14A955580040101E /* DFGWaterGauge.m in Sources */,
				6705A8F915732C7900836279 /* DFGWaterGaugeAPIFinder.m in Sources */,
				6705A8FB15732C7900836279 /* DFGWaterGaugeFinderAPIRequestBuilder.m in Sources */,
				6705A8FD15732C7900836279 /* DFGWaterGaugeFinderContext.m in Sources */,
				67B77B5215747102003DC8FD /* DFGWaterGaugeFinderAPIResponseParser.m in Sources */,
				67B77B571574762E003DC8FD /* DFGWaterGaugeFinderAPIDataInterpreter.m in Sources */,
				D35C801515D9E7910099EE54 /* DFGMapAnnotationWaterGauge.m in Sources */,
				D3C741B11602DAA100A685B7 /* DFGWaterGaugeDetailAPIRequestBuilder.m in Sources */,
				D31FE22A160577DB00B9103A /* DFGWaterGaugeAPIDetailRetriever.m in Sources */,
				D31FE23116057F4700B9103A /* DFGWaterGaugeDataAdder.m in Sources */,
				D31FE2351605818D00B9103A /* DFGWaterGaugeDetailAPIResponseParser.m in Sources */,
				D31FE2411605879500B9103A /* DFGWaterDateMaker.m in Sources */,
				D396394E163F64C500FC8CAF /* DFGWaterGaugeReadingsBuilder.m in Sources */,
				D3CD85BB1640A7E500405931 /* DFGWaterReadingsLineGraphIllustrator.m in Sources */,
			);
			runOnlyForDeploymentPostprocessing = 0;
		};
		6704B82D14A57569002C0A30 /* Sources */ = {
			isa = PBXSourcesBuildPhase;
			buildActionMask = 2147483647;
			files = (
				67EAC81F14A962D70040101E /* DFGWaterUSGSIVIntegrationTests.m in Sources */,
			);
			runOnlyForDeploymentPostprocessing = 0;
		};
/* End PBXSourcesBuildPhase section */

/* Begin PBXTargetDependency section */
		6704B83914A57569002C0A30 /* PBXTargetDependency */ = {
			isa = PBXTargetDependency;
			target = 6704B82114A57569002C0A30 /* DFGWater */;
			targetProxy = 6704B83814A57569002C0A30 /* PBXContainerItemProxy */;
		};
/* End PBXTargetDependency section */

/* Begin PBXVariantGroup section */
		6704B83E14A57569002C0A30 /* InfoPlist.strings */ = {
			isa = PBXVariantGroup;
			children = (
				6704B83F14A57569002C0A30 /* en */,
			);
			name = InfoPlist.strings;
			sourceTree = "<group>";
		};
/* End PBXVariantGroup section */

/* Begin XCBuildConfiguration section */
		6704B84414A57569002C0A30 /* Debug */ = {
			isa = XCBuildConfiguration;
			buildSettings = {
				ALWAYS_SEARCH_USER_PATHS = NO;
				ARCHS = "$(ARCHS_STANDARD_32_BIT)";
				CLANG_ENABLE_OBJC_ARC = YES;
				COPY_PHASE_STRIP = NO;
				GCC_C_LANGUAGE_STANDARD = gnu99;
				GCC_DYNAMIC_NO_PIC = NO;
				GCC_OPTIMIZATION_LEVEL = 0;
				GCC_PREPROCESSOR_DEFINITIONS = (
					"DEBUG=1",
					"$(inherited)",
				);
				GCC_SYMBOLS_PRIVATE_EXTERN = NO;
				GCC_VERSION = com.apple.compilers.llvm.clang.1_0;
				GCC_WARN_ABOUT_MISSING_PROTOTYPES = YES;
				GCC_WARN_ABOUT_RETURN_TYPE = YES;
				GCC_WARN_UNUSED_VARIABLE = YES;
				IPHONEOS_DEPLOYMENT_TARGET = 6.0;
				SDKROOT = iphoneos;
			};
			name = Debug;
		};
		6704B84514A57569002C0A30 /* Release */ = {
			isa = XCBuildConfiguration;
			buildSettings = {
				ALWAYS_SEARCH_USER_PATHS = NO;
				ARCHS = "$(ARCHS_STANDARD_32_BIT)";
				CLANG_ENABLE_OBJC_ARC = YES;
				COPY_PHASE_STRIP = YES;
				GCC_C_LANGUAGE_STANDARD = gnu99;
				GCC_VERSION = com.apple.compilers.llvm.clang.1_0;
				GCC_WARN_ABOUT_MISSING_PROTOTYPES = YES;
				GCC_WARN_ABOUT_RETURN_TYPE = YES;
				GCC_WARN_UNUSED_VARIABLE = YES;
				IPHONEOS_DEPLOYMENT_TARGET = 6.0;
				SDKROOT = iphoneos;
				VALIDATE_PRODUCT = YES;
			};
			name = Release;
		};
		6704B84714A57569002C0A30 /* Debug */ = {
			isa = XCBuildConfiguration;
			buildSettings = {
				ARCHS = "$(ARCHS_STANDARD_32_BIT)";
				DSTROOT = /tmp/DFGWater.dst;
				GCC_PRECOMPILE_PREFIX_HEADER = YES;
				GCC_PREFIX_HEADER = "DFGWater/DFGWater-Prefix.pch";
				GCC_THUMB_SUPPORT = NO;
				OTHER_LDFLAGS = "-ObjC";
				PRODUCT_NAME = "$(TARGET_NAME)";
				SKIP_INSTALL = YES;
				SUPPORTED_PLATFORMS = "iphonesimulator iphoneos";
			};
			name = Debug;
		};
		6704B84814A57569002C0A30 /* Release */ = {
			isa = XCBuildConfiguration;
			buildSettings = {
				ARCHS = "$(ARCHS_STANDARD_32_BIT)";
				DSTROOT = /tmp/DFGWater.dst;
				GCC_PRECOMPILE_PREFIX_HEADER = YES;
				GCC_PREFIX_HEADER = "DFGWater/DFGWater-Prefix.pch";
				GCC_THUMB_SUPPORT = NO;
				OTHER_LDFLAGS = "-ObjC";
				PRODUCT_NAME = "$(TARGET_NAME)";
				SKIP_INSTALL = YES;
				SUPPORTED_PLATFORMS = "iphonesimulator iphoneos";
			};
			name = Release;
		};
		6704B84A14A57569002C0A30 /* Debug */ = {
			isa = XCBuildConfiguration;
			buildSettings = {
				FRAMEWORK_SEARCH_PATHS = (
					"$(SDKROOT)/Developer/Library/Frameworks",
					"$(DEVELOPER_LIBRARY_DIR)/Frameworks",
				);
				GCC_PRECOMPILE_PREFIX_HEADER = YES;
				GCC_PREFIX_HEADER = "DFGWater/DFGWater-Prefix.pch";
				INFOPLIST_FILE = "DFGWaterTests/DFGWaterTests-Info.plist";
				PRODUCT_NAME = "$(TARGET_NAME)";
				WRAPPER_EXTENSION = octest;
			};
			name = Debug;
		};
		6704B84B14A57569002C0A30 /* Release */ = {
			isa = XCBuildConfiguration;
			buildSettings = {
				FRAMEWORK_SEARCH_PATHS = (
					"$(SDKROOT)/Developer/Library/Frameworks",
					"$(DEVELOPER_LIBRARY_DIR)/Frameworks",
				);
				GCC_PRECOMPILE_PREFIX_HEADER = YES;
				GCC_PREFIX_HEADER = "DFGWater/DFGWater-Prefix.pch";
				INFOPLIST_FILE = "DFGWaterTests/DFGWaterTests-Info.plist";
				PRODUCT_NAME = "$(TARGET_NAME)";
				WRAPPER_EXTENSION = octest;
			};
			name = Release;
		};
/* End XCBuildConfiguration section */

/* Begin XCConfigurationList section */
		6704B81C14A57569002C0A30 /* Build configuration list for PBXProject "DFGWater" */ = {
			isa = XCConfigurationList;
			buildConfigurations = (
				6704B84414A57569002C0A30 /* Debug */,
				6704B84514A57569002C0A30 /* Release */,
			);
			defaultConfigurationIsVisible = 0;
			defaultConfigurationName = Release;
		};
		6704B84614A57569002C0A30 /* Build configuration list for PBXNativeTarget "DFGWater" */ = {
			isa = XCConfigurationList;
			buildConfigurations = (
				6704B84714A57569002C0A30 /* Debug */,
				6704B84814A57569002C0A30 /* Release */,
			);
			defaultConfigurationIsVisible = 0;
			defaultConfigurationName = Release;
		};
		6704B84914A57569002C0A30 /* Build configuration list for PBXNativeTarget "DFGWaterTests" */ = {
			isa = XCConfigurationList;
			buildConfigurations = (
				6704B84A14A57569002C0A30 /* Debug */,
				6704B84B14A57569002C0A30 /* Release */,
			);
			defaultConfigurationIsVisible = 0;
			defaultConfigurationName = Release;
		};
/* End XCConfigurationList section */
	};
	rootObject = 6704B81914A57569002C0A30 /* Project object */;
}
